
Microsoft Visual Studio Solution File, Format Version 12.00
# Visual Studio 15
VisualStudioVersion = 15.0.28010.2046
MinimumVisualStudioVersion = 10.0.40219.1
Project("{FAE04EC0-301F-11D3-BF4B-00C04F79EFBC}") = "MultiRemoteConsole", "MultiRemoteConsole\MultiRemoteConsole.csproj", "{FC91974A-0165-49DC-A77A-8DC52EB8C8F2}"
EndProject
Project("{FAE04EC0-301F-11D3-BF4B-00C04F79EFBC}") = "MRC_ManagementService", "MRC_ManagementService\MRC_ManagementService.csproj", "{0DB33604-925E-4CAD-9D1E-5541EEA74710}"
EndProject
Project("{FAE04EC0-301F-11D3-BF4B-00C04F79EFBC}") = "MRC", "MRC\MRC.csproj", "{63D576CF-FF3E-472E-87EC-2295BEE29144}"
EndProject
Global
	GlobalSection(SolutionConfigurationPlatforms) = preSolution
		Debug|Any CPU = Debug|Any CPU
		Release|Any CPU = Release|Any CPU
	EndGlobalSection
	GlobalSection(ProjectConfigurationPlatforms) = postSolution
		{FC91974A-0165-49DC-A77A-8DC52EB8C8F2}.Debug|Any CPU.ActiveCfg = Debug|Any CPU
		{FC91974A-0165-49DC-A77A-8DC52EB8C8F2}.Debug|Any CPU.Build.0 = Debug|Any CPU
		{FC91974A-0165-49DC-A77A-8DC52EB8C8F2}.Release|Any CPU.ActiveCfg = Release|Any CPU
		{FC91974A-0165-49DC-A77A-8DC52EB8C8F2}.Release|Any CPU.Build.0 = Release|Any CPU
		{0DB33604-925E-4CAD-9D1E-5541EEA74710}.Debug|Any CPU.ActiveCfg = Debug|Any CPU
		{0DB33604-925E-4CAD-9D1E-5541EEA74710}.Debug|Any CPU.Build.0 = Debug|Any CPU
		{0DB33604-925E-4CAD-9D1E-5541EEA74710}.Release|Any CPU.ActiveCfg = Release|Any CPU
		{0DB33604-925E-4CAD-9D1E-5541EEA74710}.Release|Any CPU.Build.0 = Release|Any CPU
		{63D576CF-FF3E-472E-87EC-2295BEE29144}.Debug|Any CPU.ActiveCfg = Debug|Any CPU
		{63D576CF-FF3E-472E-87EC-2295BEE29144}.Debug|Any CPU.Build.0 = Debug|Any CPU
		{63D576CF-FF3E-472E-87EC-2295BEE29144}.Release|Any CPU.ActiveCfg = Release|Any CPU
		{63D576CF-FF3E-472E-87EC-2295BEE29144}.Release|Any CPU.Build.0 = Release|Any CPU
	EndGlobalSection
	GlobalSection(SolutionProperties) = preSolution
		HideSolutionNode = FALSE
	EndGlobalSection
	GlobalSection(ExtensibilityGlobals) = postSolution
		SolutionGuid = {EE6428F1-C9E4-4514-AA4B-032A818519CD}
	EndGlobalSection
EndGlobal
